
Microsoft Visual Studio Solution File, Format Version 12.00
# Visual Studio Version 17
VisualStudioVersion = 17.4.33205.214
MinimumVisualStudioVersion = 10.0.40219.1
Project("{8BC9CEB8-8B4A-11D0-8D11-00A0C91BC942}") = "Zap707_03_17_2023_Objetos_Pokemon", "Zap707_03_17_2023_Objetos_Pokemon.vcxproj", "{78C6282E-9FA1-4140-BD60-E21C0A642895}"
EndProject
Global
	GlobalSection(SolutionConfigurationPlatforms) = preSolution
		Debug|x64 = Debug|x64
		Debug|x86 = Debug|x86
		Release|x64 = Release|x64
		Release|x86 = Release|x86
	EndGlobalSection
	GlobalSection(ProjectConfigurationPlatforms) = postSolution
		{78C6282E-9FA1-4140-BD60-E21C0A642895}.Debug|x64.ActiveCfg = Debug|x64
		{78C6282E-9FA1-4140-BD60-E21C0A642895}.Debug|x64.Build.0 = Debug|x64
		{78C6282E-9FA1-4140-BD60-E21C0A642895}.Debug|x86.ActiveCfg = Debug|Win32
		{78C6282E-9FA1-4140-BD60-E21C0A642895}.Debug|x86.Build.0 = Debug|Win32
		{78C6282E-9FA1-4140-BD60-E21C0A642895}.Release|x64.ActiveCfg = Release|x64
		{78C6282E-9FA1-4140-BD60-E21C0A642895}.Release|x64.Build.0 = Release|x64
		{78C6282E-9FA1-4140-BD60-E21C0A642895}.Release|x86.ActiveCfg = Release|Win32
		{78C6282E-9FA1-4140-BD60-E21C0A642895}.Release|x86.Build.0 = Release|Win32
	EndGlobalSection
	GlobalSection(SolutionProperties) = preSolution
		HideSolutionNode = FALSE
	EndGlobalSection
	GlobalSection(ExtensibilityGlobals) = postSolution
		SolutionGuid = {B6E155CB-F168-498F-B423-D6858EAB17CB}
	EndGlobalSection
EndGlobal
